
Microsoft Visual Studio Solution File, Format Version 12.00
# Visual Studio Version 16
VisualStudioVersion = 16.0.32510.428
MinimumVisualStudioVersion = 10.0.40219.1
Project("{888888A0-9F3D-457C-B088-3A5042F75D52}") = "TSM_POC_Python", "TSM_POC_Python\TSM_POC_Python.pyproj", "{71AB7EFC-A025-4135-9632-9C94CD4E2D70}"
EndProject
Global
	GlobalSection(SolutionConfigurationPlatforms) = preSolution
		Debug|Any CPU = Debug|Any CPU
		Release|Any CPU = Release|Any CPU
	EndGlobalSection
	GlobalSection(ProjectConfigurationPlatforms) = postSolution
		{71AB7EFC-A025-4135-9632-9C94CD4E2D70}.Debug|Any CPU.ActiveCfg = Debug|Any CPU
		{71AB7EFC-A025-4135-9632-9C94CD4E2D70}.Release|Any CPU.ActiveCfg = Release|Any CPU
	EndGlobalSection
	GlobalSection(SolutionProperties) = preSolution
		HideSolutionNode = FALSE
	EndGlobalSection
	GlobalSection(ExtensibilityGlobals) = postSolution
		SolutionGuid = {ED8D3F35-1557-45FC-9D49-8F4DFC1C0561}
	EndGlobalSection
EndGlobal
